
Microsoft Visual Studio Solution File, Format Version 12.00
# Visual Studio Version 17
VisualStudioVersion = 17.7.34202.233
MinimumVisualStudioVersion = 10.0.40219.1
Project("{9A19103F-16F7-4668-BE54-9A1E7A4F7556}") = "DisplayAMap.WPF", "DisplayAMap\DisplayAMap.WPF.csproj", "{A99D9272-EBC1-42A2-A40B-CE0EE93ABD99}"
EndProject
Project("{9A19103F-16F7-4668-BE54-9A1E7A4F7556}") = "DisplayAMap.API", "DisplayAMap.PrepAPI\DisplayAMap.API.csproj", "{4AE0DC2E-49B9-4BF4-BC40-249B10FFDF96}"
EndProject
Global
	GlobalSection(SolutionConfigurationPlatforms) = preSolution
		Debug|Any CPU = Debug|Any CPU
		Release|Any CPU = Release|Any CPU
	EndGlobalSection
	GlobalSection(ProjectConfigurationPlatforms) = postSolution
		{A99D9272-EBC1-42A2-A40B-CE0EE93ABD99}.Debug|Any CPU.ActiveCfg = Debug|Any CPU
		{A99D9272-EBC1-42A2-A40B-CE0EE93ABD99}.Debug|Any CPU.Build.0 = Debug|Any CPU
		{A99D9272-EBC1-42A2-A40B-CE0EE93ABD99}.Release|Any CPU.ActiveCfg = Release|Any CPU
		{A99D9272-EBC1-42A2-A40B-CE0EE93ABD99}.Release|Any CPU.Build.0 = Release|Any CPU
		{4AE0DC2E-49B9-4BF4-BC40-249B10FFDF96}.Debug|Any CPU.ActiveCfg = Debug|Any CPU
		{4AE0DC2E-49B9-4BF4-BC40-249B10FFDF96}.Debug|Any CPU.Build.0 = Debug|Any CPU
		{4AE0DC2E-49B9-4BF4-BC40-249B10FFDF96}.Release|Any CPU.ActiveCfg = Release|Any CPU
		{4AE0DC2E-49B9-4BF4-BC40-249B10FFDF96}.Release|Any CPU.Build.0 = Release|Any CPU
	EndGlobalSection
	GlobalSection(SolutionProperties) = preSolution
		HideSolutionNode = FALSE
	EndGlobalSection
	GlobalSection(ExtensibilityGlobals) = postSolution
		SolutionGuid = {DDC8AEA6-04F1-4E8E-AE6E-6F1E11498324}
	EndGlobalSection
EndGlobal
